{
  "name": "rainbow",
  "version": "1.0.0",
  "lockfileVersion": 1,
  "requires": true,
  "dependencies": {
    "@juggle/resize-observer": {
      "version": "3.3.1",
      "resolved": "https://registry.npmjs.org/@juggle/resize-observer/-/resize-observer-3.3.1.tgz",
      "integrity": "sha512-zMM9Ds+SawiUkakS7y94Ymqx+S0ORzpG3frZirN3l+UlXUmSUR7hF4wxCVqW+ei94JzV5kt0uXBcoOEAuiydrw=="
    },
    "earcut": {
      "version": "2.2.2",
      "resolved": "https://registry.npmjs.org/earcut/-/earcut-2.2.2.tgz",
      "integrity": "sha512-eZoZPPJcUHnfRZ0PjLvx2qBordSiO8ofC3vt+qACLM95u+4DovnbYNpQtJh0DNsWj8RnxrQytD4WA8gj5cRIaQ=="
    },
    "i2djs": {
      "version": "3.6.0",
      "resolved": "https://registry.npmjs.org/i2djs/-/i2djs-3.6.0.tgz",
      "integrity": "sha512-+dUWTyYSMISdSn8y3zZhFoHpHEaPa63KK9q+De5L/Kwv0QMlhgWA9ayyZgmhzeHrCPQlzyH5b7itOjLPu0R/Kg==",
      "requires": {
        "@juggle/resize-observer": "^3.2.0",
        "earcut": "^2.2.2",
        "stackblur-canvas": "^2.4.0"
      }
    },
    "stackblur-canvas": {
      "version": "2.5.0",
      "resolved": "https://registry.npmjs.org/stackblur-canvas/-/stackblur-canvas-2.5.0.tgz",
      "integrity": "sha512-EeNzTVfj+1In7aSLPKDD03F/ly4RxEuF/EX0YcOG0cKoPXs+SLZxDawQbexQDBzwROs4VKLWTOaZQlZkGBFEIQ=="
    }
  }
}
